
Microsoft Visual Studio Solution File, Format Version 12.00
# Visual Studio 15
VisualStudioVersion = 15.0.27428.2002
MinimumVisualStudioVersion = 10.0.40219.1
Project("{FAE04EC0-301F-11D3-BF4B-00C04F79EFBC}") = "RakuRakuMorakun", "RakuRakuMorakun\RakuRakuMorakun.csproj", "{72CB7D13-688B-4698-A72B-F5028171395C}"
EndProject
Project("{FAE04EC0-301F-11D3-BF4B-00C04F79EFBC}") = "RakuRakuLogic", "RakuRakuLogic\RakuRakuLogic.csproj", "{23F745E9-9E94-4300-B063-21441725276B}"
EndProject
Global
	GlobalSection(SolutionConfigurationPlatforms) = preSolution
		Debug|Any CPU = Debug|Any CPU
		Release|Any CPU = Release|Any CPU
	EndGlobalSection
	GlobalSection(ProjectConfigurationPlatforms) = postSolution
		{72CB7D13-688B-4698-A72B-F5028171395C}.Debug|Any CPU.ActiveCfg = Debug|Any CPU
		{72CB7D13-688B-4698-A72B-F5028171395C}.Debug|Any CPU.Build.0 = Debug|Any CPU
		{72CB7D13-688B-4698-A72B-F5028171395C}.Release|Any CPU.ActiveCfg = Release|Any CPU
		{72CB7D13-688B-4698-A72B-F5028171395C}.Release|Any CPU.Build.0 = Release|Any CPU
		{23F745E9-9E94-4300-B063-21441725276B}.Debug|Any CPU.ActiveCfg = Debug|Any CPU
		{23F745E9-9E94-4300-B063-21441725276B}.Debug|Any CPU.Build.0 = Debug|Any CPU
		{23F745E9-9E94-4300-B063-21441725276B}.Release|Any CPU.ActiveCfg = Release|Any CPU
		{23F745E9-9E94-4300-B063-21441725276B}.Release|Any CPU.Build.0 = Release|Any CPU
	EndGlobalSection
	GlobalSection(SolutionProperties) = preSolution
		HideSolutionNode = FALSE
	EndGlobalSection
	GlobalSection(ExtensibilityGlobals) = postSolution
		SolutionGuid = {052EF15A-B9E0-4B3B-9617-C81F76B47451}
	EndGlobalSection
EndGlobal
